
Microsoft Visual Studio Solution File, Format Version 12.00
# Visual Studio Version 16
VisualStudioVersion = 16.0.29006.145
MinimumVisualStudioVersion = 10.0.40219.1
Project("{9A19103F-16F7-4668-BE54-9A1E7A4F7556}") = "ReferenceApi", "ReferenceApi\ReferenceApi.csproj", "{9557C383-FECA-47AB-97BC-343C0E9FAB47}"
EndProject
Project("{2150E333-8FDC-42A3-9474-1A3956D46DE8}") = "Solution Items", "Solution Items", "{E93AA4D1-A28C-476F-96A3-26D0FB529CC2}"
	ProjectSection(SolutionItems) = preProject
		.gitignore = .gitignore
	EndProjectSection
EndProject
Project("{9A19103F-16F7-4668-BE54-9A1E7A4F7556}") = "ReferenceApi.Tests", "ReferenceApi.Tests\ReferenceApi.Tests.csproj", "{6679E19B-5AC8-4321-9FCE-32C6ABB17419}"
EndProject
Global
	GlobalSection(SolutionConfigurationPlatforms) = preSolution
		Debug|Any CPU = Debug|Any CPU
		Release|Any CPU = Release|Any CPU
	EndGlobalSection
	GlobalSection(ProjectConfigurationPlatforms) = postSolution
		{9557C383-FECA-47AB-97BC-343C0E9FAB47}.Debug|Any CPU.ActiveCfg = Debug|Any CPU
		{9557C383-FECA-47AB-97BC-343C0E9FAB47}.Debug|Any CPU.Build.0 = Debug|Any CPU
		{9557C383-FECA-47AB-97BC-343C0E9FAB47}.Release|Any CPU.ActiveCfg = Release|Any CPU
		{9557C383-FECA-47AB-97BC-343C0E9FAB47}.Release|Any CPU.Build.0 = Release|Any CPU
		{6679E19B-5AC8-4321-9FCE-32C6ABB17419}.Debug|Any CPU.ActiveCfg = Debug|Any CPU
		{6679E19B-5AC8-4321-9FCE-32C6ABB17419}.Debug|Any CPU.Build.0 = Debug|Any CPU
		{6679E19B-5AC8-4321-9FCE-32C6ABB17419}.Release|Any CPU.ActiveCfg = Release|Any CPU
		{6679E19B-5AC8-4321-9FCE-32C6ABB17419}.Release|Any CPU.Build.0 = Release|Any CPU
	EndGlobalSection
	GlobalSection(SolutionProperties) = preSolution
		HideSolutionNode = FALSE
	EndGlobalSection
	GlobalSection(ExtensibilityGlobals) = postSolution
		SolutionGuid = {AED6BBD7-64F8-41E9-B7C6-770F63786FF3}
	EndGlobalSection
EndGlobal
